
Microsoft Visual Studio Solution File, Format Version 12.00
# Visual Studio Version 16
VisualStudioVersion = 16.0.29609.76
MinimumVisualStudioVersion = 10.0.40219.1
Project("{FAE04EC0-301F-11D3-BF4B-00C04F79EFBC}") = "WeatherTest.Grabber.Host", "Console\WeatherTest.Grabber.Host\WeatherTest.Grabber.Host.csproj", "{9EAA7FF0-B488-4BDF-802D-126859A1910B}"
EndProject
Project("{FAE04EC0-301F-11D3-BF4B-00C04F79EFBC}") = "WeatherTest.Grabber.BusinessLogic", "BusinessLogic\WeatherTest.Grabber.BusinessLogic\WeatherTest.Grabber.BusinessLogic.csproj", "{28DE9CB2-1EB8-49E6-B485-BF444B0654C9}"
EndProject
Project("{2150E333-8FDC-42A3-9474-1A3956D46DE8}") = "Console", "Console", "{77388F14-0CEC-4FC5-8566-E738266F7FE1}"
EndProject
Project("{2150E333-8FDC-42A3-9474-1A3956D46DE8}") = "BusinessLogic", "BusinessLogic", "{6B1D1C60-73D4-4DDA-A814-2F5C8FEA0841}"
EndProject
Project("{FAE04EC0-301F-11D3-BF4B-00C04F79EFBC}") = "WeatherTest.Grabber.BusinessLogic.DI", "BusinessLogic\WeatherTest.Grabber.BusinessLogic.DI\WeatherTest.Grabber.BusinessLogic.DI.csproj", "{370B8123-68E8-41F1-A67B-39764B6B5F30}"
EndProject
Project("{FAE04EC0-301F-11D3-BF4B-00C04F79EFBC}") = "WeatherTest.Grabber.BusinessLogic.Contract", "BusinessLogic\WeatherTest.Grabber.BusinessLogic.Contract\WeatherTest.Grabber.BusinessLogic.Contract.csproj", "{001B9670-107B-4F15-9F04-0C80217376DD}"
EndProject
Project("{2150E333-8FDC-42A3-9474-1A3956D46DE8}") = "Utility", "Utility", "{FBE6BF32-B496-43E2-9884-C01EC50A1C7F}"
EndProject
Project("{FAE04EC0-301F-11D3-BF4B-00C04F79EFBC}") = "WeatherTest.Grabber.Utility", "Utility\WeatherTest.Grabber.Utility\WeatherTest.Grabber.Utility.csproj", "{0A944C15-176F-456C-9557-DC5EFDCE9CD0}"
EndProject
Project("{2150E333-8FDC-42A3-9474-1A3956D46DE8}") = "DataAccess", "DataAccess", "{00E9AD84-F7B2-4545-B9AF-B008684261CC}"
EndProject
Project("{FAE04EC0-301F-11D3-BF4B-00C04F79EFBC}") = "WeatherTest.Grabber.DataAccess.Contract", "DataAccess\WeatherTest.Grabber.DataAccess.Contract\WeatherTest.Grabber.DataAccess.Contract.csproj", "{FB434793-79A0-41F8-83B7-52931C2CC07A}"
EndProject
Project("{FAE04EC0-301F-11D3-BF4B-00C04F79EFBC}") = "WeatherTest.Grabber.DataAccess.DI", "DataAccess\WeatherTest.Grabber.DataAccess.DI\WeatherTest.Grabber.DataAccess.DI.csproj", "{A7173B9C-1B16-48CD-9032-B77D53D79CDF}"
EndProject
Project("{FAE04EC0-301F-11D3-BF4B-00C04F79EFBC}") = "WeatherTest.Grabber.DataAccess.EntityFrameworkCore", "DataAccess\WeatherTest.Grabber.DataAccess.EntityFrameworkCore\WeatherTest.Grabber.DataAccess.EntityFrameworkCore.csproj", "{6C507951-561B-4B50-9EEE-632A7AEB5C78}"
EndProject
Global
	GlobalSection(SolutionConfigurationPlatforms) = preSolution
		Debug|Any CPU = Debug|Any CPU
		Release|Any CPU = Release|Any CPU
	EndGlobalSection
	GlobalSection(ProjectConfigurationPlatforms) = postSolution
		{9EAA7FF0-B488-4BDF-802D-126859A1910B}.Debug|Any CPU.ActiveCfg = Debug|Any CPU
		{9EAA7FF0-B488-4BDF-802D-126859A1910B}.Debug|Any CPU.Build.0 = Debug|Any CPU
		{9EAA7FF0-B488-4BDF-802D-126859A1910B}.Release|Any CPU.ActiveCfg = Release|Any CPU
		{9EAA7FF0-B488-4BDF-802D-126859A1910B}.Release|Any CPU.Build.0 = Release|Any CPU
		{28DE9CB2-1EB8-49E6-B485-BF444B0654C9}.Debug|Any CPU.ActiveCfg = Debug|Any CPU
		{28DE9CB2-1EB8-49E6-B485-BF444B0654C9}.Debug|Any CPU.Build.0 = Debug|Any CPU
		{28DE9CB2-1EB8-49E6-B485-BF444B0654C9}.Release|Any CPU.ActiveCfg = Release|Any CPU
		{28DE9CB2-1EB8-49E6-B485-BF444B0654C9}.Release|Any CPU.Build.0 = Release|Any CPU
		{370B8123-68E8-41F1-A67B-39764B6B5F30}.Debug|Any CPU.ActiveCfg = Debug|Any CPU
		{370B8123-68E8-41F1-A67B-39764B6B5F30}.Debug|Any CPU.Build.0 = Debug|Any CPU
		{370B8123-68E8-41F1-A67B-39764B6B5F30}.Release|Any CPU.ActiveCfg = Release|Any CPU
		{370B8123-68E8-41F1-A67B-39764B6B5F30}.Release|Any CPU.Build.0 = Release|Any CPU
		{001B9670-107B-4F15-9F04-0C80217376DD}.Debug|Any CPU.ActiveCfg = Debug|Any CPU
		{001B9670-107B-4F15-9F04-0C80217376DD}.Debug|Any CPU.Build.0 = Debug|Any CPU
		{001B9670-107B-4F15-9F04-0C80217376DD}.Release|Any CPU.ActiveCfg = Release|Any CPU
		{001B9670-107B-4F15-9F04-0C80217376DD}.Release|Any CPU.Build.0 = Release|Any CPU
		{0A944C15-176F-456C-9557-DC5EFDCE9CD0}.Debug|Any CPU.ActiveCfg = Debug|Any CPU
		{0A944C15-176F-456C-9557-DC5EFDCE9CD0}.Debug|Any CPU.Build.0 = Debug|Any CPU
		{0A944C15-176F-456C-9557-DC5EFDCE9CD0}.Release|Any CPU.ActiveCfg = Release|Any CPU
		{0A944C15-176F-456C-9557-DC5EFDCE9CD0}.Release|Any CPU.Build.0 = Release|Any CPU
		{FB434793-79A0-41F8-83B7-52931C2CC07A}.Debug|Any CPU.ActiveCfg = Debug|Any CPU
		{FB434793-79A0-41F8-83B7-52931C2CC07A}.Debug|Any CPU.Build.0 = Debug|Any CPU
		{FB434793-79A0-41F8-83B7-52931C2CC07A}.Release|Any CPU.ActiveCfg = Release|Any CPU
		{FB434793-79A0-41F8-83B7-52931C2CC07A}.Release|Any CPU.Build.0 = Release|Any CPU
		{A7173B9C-1B16-48CD-9032-B77D53D79CDF}.Debug|Any CPU.ActiveCfg = Debug|Any CPU
		{A7173B9C-1B16-48CD-9032-B77D53D79CDF}.Debug|Any CPU.Build.0 = Debug|Any CPU
		{A7173B9C-1B16-48CD-9032-B77D53D79CDF}.Release|Any CPU.ActiveCfg = Release|Any CPU
		{A7173B9C-1B16-48CD-9032-B77D53D79CDF}.Release|Any CPU.Build.0 = Release|Any CPU
		{6C507951-561B-4B50-9EEE-632A7AEB5C78}.Debug|Any CPU.ActiveCfg = Debug|Any CPU
		{6C507951-561B-4B50-9EEE-632A7AEB5C78}.Debug|Any CPU.Build.0 = Debug|Any CPU
		{6C507951-561B-4B50-9EEE-632A7AEB5C78}.Release|Any CPU.ActiveCfg = Release|Any CPU
		{6C507951-561B-4B50-9EEE-632A7AEB5C78}.Release|Any CPU.Build.0 = Release|Any CPU
	EndGlobalSection
	GlobalSection(SolutionProperties) = preSolution
		HideSolutionNode = FALSE
	EndGlobalSection
	GlobalSection(ExtensibilityGlobals) = postSolution
		SolutionGuid = {89EB3BB1-AD2C-4074-8B5B-219950A39D1C}
	EndGlobalSection
	GlobalSection(NestedProjects) = preSolution
		{28DE9CB2-1EB8-49E6-B485-BF444B0654C9} = {6B1D1C60-73D4-4DDA-A814-2F5C8FEA0841}
		{9EAA7FF0-B488-4BDF-802D-126859A1910B} = {77388F14-0CEC-4FC5-8566-E738266F7FE1}
		{370B8123-68E8-41F1-A67B-39764B6B5F30} = {6B1D1C60-73D4-4DDA-A814-2F5C8FEA0841}
		{001B9670-107B-4F15-9F04-0C80217376DD} = {6B1D1C60-73D4-4DDA-A814-2F5C8FEA0841}
		{0A944C15-176F-456C-9557-DC5EFDCE9CD0} = {FBE6BF32-B496-43E2-9884-C01EC50A1C7F}
		{FB434793-79A0-41F8-83B7-52931C2CC07A} = {00E9AD84-F7B2-4545-B9AF-B008684261CC}
		{A7173B9C-1B16-48CD-9032-B77D53D79CDF} = {00E9AD84-F7B2-4545-B9AF-B008684261CC}
		{6C507951-561B-4B50-9EEE-632A7AEB5C78} = {00E9AD84-F7B2-4545-B9AF-B008684261CC}
	EndGlobalSection
EndGlobal
